
Microsoft Visual Studio Solution File, Format Version 12.00
# Visual Studio Version 16
VisualStudioVersion = 16.0.29613.14
MinimumVisualStudioVersion = 10.0.40219.1
Project("{FAE04EC0-301F-11D3-BF4B-00C04F79EFBC}") = "StepperTask", "StepperTask\StepperTask.csproj", "{B785CB38-AB87-49EF-A337-7B34E8F09DE7}"
EndProject
Global
	GlobalSection(SolutionConfigurationPlatforms) = preSolution
		Debug|Any CPU = Debug|Any CPU
		Release|Any CPU = Release|Any CPU
	EndGlobalSection
	GlobalSection(ProjectConfigurationPlatforms) = postSolution
		{B785CB38-AB87-49EF-A337-7B34E8F09DE7}.Debug|Any CPU.ActiveCfg = Debug|Any CPU
		{B785CB38-AB87-49EF-A337-7B34E8F09DE7}.Debug|Any CPU.Build.0 = Debug|Any CPU
		{B785CB38-AB87-49EF-A337-7B34E8F09DE7}.Release|Any CPU.ActiveCfg = Release|Any CPU
		{B785CB38-AB87-49EF-A337-7B34E8F09DE7}.Release|Any CPU.Build.0 = Release|Any CPU
	EndGlobalSection
	GlobalSection(SolutionProperties) = preSolution
		HideSolutionNode = FALSE
	EndGlobalSection
	GlobalSection(ExtensibilityGlobals) = postSolution
		SolutionGuid = {E61F6A26-0E5C-4A87-AC48-B1B7CC061501}
	EndGlobalSection
EndGlobal
